// !$*UTF8*$!
{ "archiveVersion" = "1"; "classes" = {  }; "objectVersion" = "56"; "objects" = { "C21F239402BF9A64162EC1B8" = { "isa" = "PBXFileReference"; "lastKnownFileType" = "sourcecode.swift"; "path" = "Ritme/Sources/Design.swift"; "sourceTree" = "SOURCE_ROOT"; }; "BA7F8DDE0F916028E73DB02A" = { "isa" = "PBXFileReference"; "lastKnownFileType" = "sourcecode.swift"; "path" = "Ritme/Sources/Intents.swift"; "sourceTree" = "SOURCE_ROOT"; }; "F4E1B5D816233939563A3E2A" = { "isa" = "PBXFileReference"; "lastKnownFileType" = "sourcecode.swift"; "path" = "Ritme/Sources/Models.swift"; "sourceTree" = "SOURCE_ROOT"; }; "13EB0AD9D43BDC2DEA1158B1" = { "isa" = "PBXFileReference"; "lastKnownFileType" = "sourcecode.swift"; "path" = "Ritme/Sources/PlacesView.swift"; "sourceTree" = "SOURCE_ROOT"; }; "FBF68EEBEF027D8C51695703" = { "isa" = "PBXFileReference"; "lastKnownFileType" = "sourcecode.swift"; "path" = "Ritme/Sources/Recorder.swift"; "sourceTree" = "SOURCE_ROOT"; }; "C46F8121BE0CBE18C7C43ED8" = { "isa" = "PBXFileReference"; "lastKnownFileType" = "sourcecode.swift"; "path" = "Ritme/Sources/ReportsView.swift"; "sourceTree" = "SOURCE_ROOT"; }; "7F6FCDDDB66B87797ABF0196" = { "isa" = "PBXFileReference"; "lastKnownFileType" = "sourcecode.swift"; "path" = "Ritme/Sources/RitmeApp.swift"; "sourceTree" = "SOURCE_ROOT"; }; "9F4BE3382B5906B9FAF17014" = { "isa" = "PBXFileReference"; "lastKnownFileType" = "sourcecode.swift"; "path" = "Ritme/Sources/SettingsView.swift"; "sourceTree" = "SOURCE_ROOT"; }; "DC0F670E61B98F3F9399D9D7" = { "isa" = "PBXFileReference"; "lastKnownFileType" = "sourcecode.swift"; "path" = "Ritme/Sources/TripStore.swift"; "sourceTree" = "SOURCE_ROOT"; }; "4B0B17B4AC2B70467A2AB643" = { "isa" = "PBXFileReference"; "lastKnownFileType" = "sourcecode.swift"; "path" = "Ritme/Sources/TripsView.swift"; "sourceTree" = "SOURCE_ROOT"; }; "20AA71B775580ED60A1C511B" = { "isa" = "PBXFileReference"; "lastKnownFileType" = "sourcecode.swift"; "path" = "Ritme/Sources/WatchBridge.swift"; "sourceTree" = "SOURCE_ROOT"; }; "7C128364BE2CBCF65F4F6C7D" = { "isa" = "PBXBuildFile"; "fileRef" = "C21F239402BF9A64162EC1B8"; }; "B5DB8DB9BE177554857B1DDA" = { "isa" = "PBXBuildFile"; "fileRef" = "BA7F8DDE0F916028E73DB02A"; }; "62DEEEAC7C735DD4D9CA92C6" = { "isa" = "PBXBuildFile"; "fileRef" = "F4E1B5D816233939563A3E2A"; }; "6329F98DCCFBCD343BA042C8" = { "isa" = "PBXBuildFile"; "fileRef" = "13EB0AD9D43BDC2DEA1158B1"; }; "472033699F195C58A4F72F88" = { "isa" = "PBXBuildFile"; "fileRef" = "FBF68EEBEF027D8C51695703"; }; "FDC78B6180954B54827EFBFD" = { "isa" = "PBXBuildFile"; "fileRef" = "C46F8121BE0CBE18C7C43ED8"; }; "B5FA8D3DFFA67A584CA5B0EB" = { "isa" = "PBXBuildFile"; "fileRef" = "7F6FCDDDB66B87797ABF0196"; }; "0E292327CD50E6D3D652375A" = { "isa" = "PBXBuildFile"; "fileRef" = "9F4BE3382B5906B9FAF17014"; }; "7554130984572716D58023A6" = { "isa" = "PBXBuildFile"; "fileRef" = "DC0F670E61B98F3F9399D9D7"; }; "4207C0F11162E7CB7D4996BB" = { "isa" = "PBXBuildFile"; "fileRef" = "4B0B17B4AC2B70467A2AB643"; }; "0232A8860438D054AD0E8934" = { "isa" = "PBXBuildFile"; "fileRef" = "20AA71B775580ED60A1C511B"; }; "8A4819FFD487777D29DE5233" = { "isa" = "PBXSourcesBuildPhase"; "buildActionMask" = "2147483647"; "files" = ( "7C128364BE2CBCF65F4F6C7D", "B5DB8DB9BE177554857B1DDA", "62DEEEAC7C735DD4D9CA92C6", "6329F98DCCFBCD343BA042C8", "472033699F195C58A4F72F88", "FDC78B6180954B54827EFBFD", "B5FA8D3DFFA67A584CA5B0EB", "0E292327CD50E6D3D652375A", "7554130984572716D58023A6", "4207C0F11162E7CB7D4996BB", "0232A8860438D054AD0E8934" ); "runOnlyForDeploymentPostprocessing" = "0"; }; "A2391F0922B030E9AB0E1999" = { "isa" = "PBXFrameworksBuildPhase"; "buildActionMask" = "2147483647"; "files" = (  ); "runOnlyForDeploymentPostprocessing" = "0"; }; "897C1ABD7BAD24B0EB9C2FB7" = { "isa" = "PBXResourcesBuildPhase"; "buildActionMask" = "2147483647"; "files" = ( "985B79A138EE4EF7B772ED76" ); "runOnlyForDeploymentPostprocessing" = "0"; }; "DB67E9056EC94640DD2ED79D" = { "isa" = "PBXFileReference"; "explicitFileType" = "wrapper.application"; "includeInIndex" = "0"; "path" = "Ritme.app"; "sourceTree" = "BUILT_PRODUCTS_DIR"; }; "C1CD464CE4BCC3422F09359D" = { "isa" = "XCBuildConfiguration"; "name" = "Debug"; "buildSettings" = { "PRODUCT_NAME" = "Ritme"; "PRODUCT_BUNDLE_IDENTIFIER" = "nl.verhoef.ritme"; "SDKROOT" = "iphoneos"; "SWIFT_VERSION" = "5.0"; "CODE_SIGN_STYLE" = "Automatic"; "GENERATE_INFOPLIST_FILE" = "NO"; "CURRENT_PROJECT_VERSION" = "1"; "MARKETING_VERSION" = "0.1.0"; "LD_RUNPATH_SEARCH_PATHS" = "$(inherited) @executable_path/Frameworks"; "INFOPLIST_FILE" = "Ritme/Resources/Info.plist"; "IPHONEOS_DEPLOYMENT_TARGET" = "26.0"; "TARGETED_DEVICE_FAMILY" = "1"; "SUPPORTED_PLATFORMS" = "iphoneos iphonesimulator"; "SUPPORTS_MACCATALYST" = "NO"; "SUPPORTS_MAC_DESIGNED_FOR_IPHONE_IPAD" = "NO"; "SWIFT_OPTIMIZATION_LEVEL" = "-Onone"; "DEBUG_INFORMATION_FORMAT" = "dwarf"; "SWIFT_ACTIVE_COMPILATION_CONDITIONS" = "DEBUG"; "ASSETCATALOG_COMPILER_APPICON_NAME" = "AppIcon"; }; }; "54F1DA32E54B224C00290954" = { "isa" = "XCBuildConfiguration"; "name" = "Release"; "buildSettings" = { "PRODUCT_NAME" = "Ritme"; "PRODUCT_BUNDLE_IDENTIFIER" = "nl.verhoef.ritme"; "SDKROOT" = "iphoneos"; "SWIFT_VERSION" = "5.0"; "CODE_SIGN_STYLE" = "Automatic"; "GENERATE_INFOPLIST_FILE" = "NO"; "CURRENT_PROJECT_VERSION" = "1"; "MARKETING_VERSION" = "0.1.0"; "LD_RUNPATH_SEARCH_PATHS" = "$(inherited) @executable_path/Frameworks"; "INFOPLIST_FILE" = "Ritme/Resources/Info.plist"; "IPHONEOS_DEPLOYMENT_TARGET" = "26.0"; "TARGETED_DEVICE_FAMILY" = "1"; "SUPPORTED_PLATFORMS" = "iphoneos iphonesimulator"; "SUPPORTS_MACCATALYST" = "NO"; "SUPPORTS_MAC_DESIGNED_FOR_IPHONE_IPAD" = "NO"; "SWIFT_OPTIMIZATION_LEVEL" = "-O"; "DEBUG_INFORMATION_FORMAT" = "dwarf-with-dsym"; "ASSETCATALOG_COMPILER_APPICON_NAME" = "AppIcon"; }; }; "7196FE987871ED17454B0EA3" = { "isa" = "XCConfigurationList"; "buildConfigurations" = ( "C1CD464CE4BCC3422F09359D", "54F1DA32E54B224C00290954" ); "defaultConfigurationIsVisible" = "0"; "defaultConfigurationName" = "Release"; }; "995357D1C0B2B714F6E0D0A2" = { "isa" = "PBXNativeTarget"; "name" = "Ritme"; "productName" = "Ritme"; "productReference" = "DB67E9056EC94640DD2ED79D"; "productType" = "com.apple.product-type.application"; "buildConfigurationList" = "7196FE987871ED17454B0EA3"; "buildPhases" = ( "8A4819FFD487777D29DE5233", "A2391F0922B030E9AB0E1999", "897C1ABD7BAD24B0EB9C2FB7", "5CA1F7AE45E4A661224F7DC5" ); "buildRules" = (  ); "dependencies" = ( "B937A6C4A14692C449EDC173" ); }; "95CB6C2A7639B0030D74F5C5" = { "isa" = "PBXGroup"; "name" = "Ritme"; "children" = ( "C21F239402BF9A64162EC1B8", "BA7F8DDE0F916028E73DB02A", "F4E1B5D816233939563A3E2A", "13EB0AD9D43BDC2DEA1158B1", "FBF68EEBEF027D8C51695703", "C46F8121BE0CBE18C7C43ED8", "7F6FCDDDB66B87797ABF0196", "9F4BE3382B5906B9FAF17014", "DC0F670E61B98F3F9399D9D7", "4B0B17B4AC2B70467A2AB643", "20AA71B775580ED60A1C511B", "405607A40B7ABE5116824F33" ); "sourceTree" = "<group>"; }; "405607A40B7ABE5116824F33" = { "isa" = "PBXFileReference"; "lastKnownFileType" = "folder.assetcatalog"; "path" = "Ritme/Resources/Assets.xcassets"; "sourceTree" = "SOURCE_ROOT"; }; "985B79A138EE4EF7B772ED76" = { "isa" = "PBXBuildFile"; "fileRef" = "405607A40B7ABE5116824F33"; }; "254382AFE9368E62326ABFA2" = { "isa" = "PBXFileReference"; "lastKnownFileType" = "sourcecode.swift"; "path" = "RitmeWatch/RitmeWatchApp.swift"; "sourceTree" = "SOURCE_ROOT"; }; "EF95E243F644DA3DD9504041" = { "isa" = "PBXBuildFile"; "fileRef" = "254382AFE9368E62326ABFA2"; }; "13B6274770F003FA6BBBA316" = { "isa" = "PBXSourcesBuildPhase"; "buildActionMask" = "2147483647"; "files" = ( "EF95E243F644DA3DD9504041" ); "runOnlyForDeploymentPostprocessing" = "0"; }; "DF7ED06A30B5A9D3B06D86DF" = { "isa" = "PBXFrameworksBuildPhase"; "buildActionMask" = "2147483647"; "files" = (  ); "runOnlyForDeploymentPostprocessing" = "0"; }; "09AB886F49A22E74F67DADE2" = { "isa" = "PBXResourcesBuildPhase"; "buildActionMask" = "2147483647"; "files" = (  ); "runOnlyForDeploymentPostprocessing" = "0"; }; "64324932A4C94E926D3EB79D" = { "isa" = "PBXFileReference"; "explicitFileType" = "wrapper.application"; "includeInIndex" = "0"; "path" = "RitmeWatch.app"; "sourceTree" = "BUILT_PRODUCTS_DIR"; }; "C37923C2D342266BB412FC55" = { "isa" = "XCBuildConfiguration"; "name" = "Debug"; "buildSettings" = { "PRODUCT_NAME" = "RitmeWatch"; "PRODUCT_BUNDLE_IDENTIFIER" = "nl.verhoef.ritme.watchkitapp"; "SDKROOT" = "watchos"; "SWIFT_VERSION" = "5.0"; "CODE_SIGN_STYLE" = "Automatic"; "GENERATE_INFOPLIST_FILE" = "NO"; "CURRENT_PROJECT_VERSION" = "1"; "MARKETING_VERSION" = "0.1.0"; "LD_RUNPATH_SEARCH_PATHS" = "$(inherited) @executable_path/Frameworks"; "INFOPLIST_FILE" = "RitmeWatch/Info.plist"; "WATCHOS_DEPLOYMENT_TARGET" = "11.0"; "TARGETED_DEVICE_FAMILY" = "4"; "SUPPORTED_PLATFORMS" = "watchos watchsimulator"; "SKIP_INSTALL" = "YES"; "SWIFT_OPTIMIZATION_LEVEL" = "-Onone"; "DEBUG_INFORMATION_FORMAT" = "dwarf"; "SWIFT_ACTIVE_COMPILATION_CONDITIONS" = "DEBUG"; }; }; "DFC6A22374EE7A17A0DE1E81" = { "isa" = "XCBuildConfiguration"; "name" = "Release"; "buildSettings" = { "PRODUCT_NAME" = "RitmeWatch"; "PRODUCT_BUNDLE_IDENTIFIER" = "nl.verhoef.ritme.watchkitapp"; "SDKROOT" = "watchos"; "SWIFT_VERSION" = "5.0"; "CODE_SIGN_STYLE" = "Automatic"; "GENERATE_INFOPLIST_FILE" = "NO"; "CURRENT_PROJECT_VERSION" = "1"; "MARKETING_VERSION" = "0.1.0"; "LD_RUNPATH_SEARCH_PATHS" = "$(inherited) @executable_path/Frameworks"; "INFOPLIST_FILE" = "RitmeWatch/Info.plist"; "WATCHOS_DEPLOYMENT_TARGET" = "11.0"; "TARGETED_DEVICE_FAMILY" = "4"; "SUPPORTED_PLATFORMS" = "watchos watchsimulator"; "SKIP_INSTALL" = "YES"; "SWIFT_OPTIMIZATION_LEVEL" = "-O"; "DEBUG_INFORMATION_FORMAT" = "dwarf-with-dsym"; }; }; "92306EF72FEC6FE4CA1D6CAC" = { "isa" = "XCConfigurationList"; "buildConfigurations" = ( "C37923C2D342266BB412FC55", "DFC6A22374EE7A17A0DE1E81" ); "defaultConfigurationIsVisible" = "0"; "defaultConfigurationName" = "Release"; }; "0AE82078CD3BB371D46ABEF9" = { "isa" = "PBXNativeTarget"; "name" = "RitmeWatch"; "productName" = "RitmeWatch"; "productReference" = "64324932A4C94E926D3EB79D"; "productType" = "com.apple.product-type.application"; "buildConfigurationList" = "92306EF72FEC6FE4CA1D6CAC"; "buildPhases" = ( "13B6274770F003FA6BBBA316", "DF7ED06A30B5A9D3B06D86DF", "09AB886F49A22E74F67DADE2" ); "buildRules" = (  ); "dependencies" = (  ); }; "528A8FC16448E40D565C1388" = { "isa" = "PBXGroup"; "name" = "RitmeWatch"; "children" = ( "254382AFE9368E62326ABFA2" ); "sourceTree" = "<group>"; }; "8248F448029483BFD47A024B" = { "isa" = "PBXFileReference"; "lastKnownFileType" = "sourcecode.swift"; "path" = "RitmeTests/RitmeTests.swift"; "sourceTree" = "SOURCE_ROOT"; }; "03E1BAE7A50096BC0B453E89" = { "isa" = "PBXBuildFile"; "fileRef" = "8248F448029483BFD47A024B"; }; "DFF79A9B1698DDDE81F6901C" = { "isa" = "PBXSourcesBuildPhase"; "buildActionMask" = "2147483647"; "files" = ( "03E1BAE7A50096BC0B453E89" ); "runOnlyForDeploymentPostprocessing" = "0"; }; "EF4D687F01BCD90A1C661F86" = { "isa" = "PBXFrameworksBuildPhase"; "buildActionMask" = "2147483647"; "files" = (  ); "runOnlyForDeploymentPostprocessing" = "0"; }; "21144B144C5C18791A5A80E8" = { "isa" = "PBXResourcesBuildPhase"; "buildActionMask" = "2147483647"; "files" = (  ); "runOnlyForDeploymentPostprocessing" = "0"; }; "9EA0B28F64192E25B2F19C36" = { "isa" = "PBXFileReference"; "explicitFileType" = "wrapper.cfbundle"; "includeInIndex" = "0"; "path" = "RitmeTests.xctest"; "sourceTree" = "BUILT_PRODUCTS_DIR"; }; "E67B0C9E200CC260D238D39B" = { "isa" = "XCBuildConfiguration"; "name" = "Debug"; "buildSettings" = { "PRODUCT_NAME" = "RitmeTests"; "PRODUCT_BUNDLE_IDENTIFIER" = "nl.verhoef.ritme.tests"; "SDKROOT" = "iphoneos"; "SWIFT_VERSION" = "5.0"; "CODE_SIGN_STYLE" = "Automatic"; "GENERATE_INFOPLIST_FILE" = "YES"; "CURRENT_PROJECT_VERSION" = "1"; "MARKETING_VERSION" = "0.1.0"; "LD_RUNPATH_SEARCH_PATHS" = "$(inherited) @executable_path/Frameworks"; "IPHONEOS_DEPLOYMENT_TARGET" = "26.0"; "TARGETED_DEVICE_FAMILY" = "1"; "TEST_HOST" = "$(BUILT_PRODUCTS_DIR)/Ritme.app/$(BUNDLE_EXECUTABLE_FOLDER_PATH)/Ritme"; "BUNDLE_LOADER" = "$(TEST_HOST)"; "SUPPORTED_PLATFORMS" = "iphoneos iphonesimulator"; "SWIFT_OPTIMIZATION_LEVEL" = "-Onone"; "DEBUG_INFORMATION_FORMAT" = "dwarf"; "SWIFT_ACTIVE_COMPILATION_CONDITIONS" = "DEBUG"; }; }; "914EF9722AE66C81716F557C" = { "isa" = "XCBuildConfiguration"; "name" = "Release"; "buildSettings" = { "PRODUCT_NAME" = "RitmeTests"; "PRODUCT_BUNDLE_IDENTIFIER" = "nl.verhoef.ritme.tests"; "SDKROOT" = "iphoneos"; "SWIFT_VERSION" = "5.0"; "CODE_SIGN_STYLE" = "Automatic"; "GENERATE_INFOPLIST_FILE" = "YES"; "CURRENT_PROJECT_VERSION" = "1"; "MARKETING_VERSION" = "0.1.0"; "LD_RUNPATH_SEARCH_PATHS" = "$(inherited) @executable_path/Frameworks"; "IPHONEOS_DEPLOYMENT_TARGET" = "26.0"; "TARGETED_DEVICE_FAMILY" = "1"; "TEST_HOST" = "$(BUILT_PRODUCTS_DIR)/Ritme.app/$(BUNDLE_EXECUTABLE_FOLDER_PATH)/Ritme"; "BUNDLE_LOADER" = "$(TEST_HOST)"; "SUPPORTED_PLATFORMS" = "iphoneos iphonesimulator"; "SWIFT_OPTIMIZATION_LEVEL" = "-O"; "DEBUG_INFORMATION_FORMAT" = "dwarf-with-dsym"; }; }; "5567D94EBC32C32976847FF1" = { "isa" = "XCConfigurationList"; "buildConfigurations" = ( "E67B0C9E200CC260D238D39B", "914EF9722AE66C81716F557C" ); "defaultConfigurationIsVisible" = "0"; "defaultConfigurationName" = "Release"; }; "910254025F87441AA57916A5" = { "isa" = "PBXNativeTarget"; "name" = "RitmeTests"; "productName" = "RitmeTests"; "productReference" = "9EA0B28F64192E25B2F19C36"; "productType" = "com.apple.product-type.bundle.unit-test"; "buildConfigurationList" = "5567D94EBC32C32976847FF1"; "buildPhases" = ( "DFF79A9B1698DDDE81F6901C", "EF4D687F01BCD90A1C661F86", "21144B144C5C18791A5A80E8" ); "buildRules" = (  ); "dependencies" = ( "2B8E6146712FD3AB91E49481" ); }; "88AA800B30C99982E11EC836" = { "isa" = "PBXGroup"; "name" = "RitmeTests"; "children" = ( "8248F448029483BFD47A024B" ); "sourceTree" = "<group>"; }; "D98698A034D82B551DE2121F" = { "isa" = "PBXContainerItemProxy"; "containerPortal" = "98F54143AB4E86B28C3AFEE0"; "proxyType" = "1"; "remoteGlobalIDString" = "0AE82078CD3BB371D46ABEF9"; "remoteInfo" = "RitmeWatch"; }; "B937A6C4A14692C449EDC173" = { "isa" = "PBXTargetDependency"; "target" = "0AE82078CD3BB371D46ABEF9"; "targetProxy" = "D98698A034D82B551DE2121F"; }; "BCC9E3B761DDCC45B9B302E1" = { "isa" = "PBXContainerItemProxy"; "containerPortal" = "98F54143AB4E86B28C3AFEE0"; "proxyType" = "1"; "remoteGlobalIDString" = "995357D1C0B2B714F6E0D0A2"; "remoteInfo" = "Ritme"; }; "2B8E6146712FD3AB91E49481" = { "isa" = "PBXTargetDependency"; "target" = "995357D1C0B2B714F6E0D0A2"; "targetProxy" = "BCC9E3B761DDCC45B9B302E1"; }; "AF2356975F9120D39BA867C2" = { "isa" = "PBXBuildFile"; "fileRef" = "64324932A4C94E926D3EB79D"; "settings" = { "ATTRIBUTES" = ( "RemoveHeadersOnCopy" ); }; }; "5CA1F7AE45E4A661224F7DC5" = { "isa" = "PBXCopyFilesBuildPhase"; "buildActionMask" = "2147483647"; "dstPath" = "$(CONTENTS_FOLDER_PATH)/Watch"; "dstSubfolderSpec" = "16"; "name" = "Embed Watch Content"; "files" = ( "AF2356975F9120D39BA867C2" ); "runOnlyForDeploymentPostprocessing" = "0"; }; "501ADA9FF5AC945D244F9168" = { "isa" = "PBXFileReference"; "lastKnownFileType" = "text.plist.xml"; "path" = "Ritme/Resources/Info.plist"; "sourceTree" = "SOURCE_ROOT"; }; "D432133822F00FEFCF0491C1" = { "isa" = "PBXFileReference"; "lastKnownFileType" = "text.plist.entitlements"; "path" = "Ritme/Resources/Ritme.entitlements"; "sourceTree" = "SOURCE_ROOT"; }; "C3DC473F147E97C6BA17D55D" = { "isa" = "PBXFileReference"; "lastKnownFileType" = "text.plist.xml"; "path" = "RitmeWatch/Info.plist"; "sourceTree" = "SOURCE_ROOT"; }; "50F0FC3AFD5FBC981B5A0DDD" = { "isa" = "PBXGroup"; "name" = "Configuration"; "children" = ( "501ADA9FF5AC945D244F9168", "D432133822F00FEFCF0491C1", "C3DC473F147E97C6BA17D55D" ); "sourceTree" = "<group>"; }; "FBDC4F23F93125BBEEAE800C" = { "isa" = "PBXGroup"; "name" = "Products"; "children" = ( "DB67E9056EC94640DD2ED79D", "64324932A4C94E926D3EB79D", "9EA0B28F64192E25B2F19C36" ); "sourceTree" = "<group>"; }; "B28B7AF69320201D1CF206EB" = { "isa" = "PBXGroup"; "children" = ( "95CB6C2A7639B0030D74F5C5", "528A8FC16448E40D565C1388", "88AA800B30C99982E11EC836", "50F0FC3AFD5FBC981B5A0DDD", "FBDC4F23F93125BBEEAE800C" ); "sourceTree" = "<group>"; }; "941798AECA264FECE6B7C45D" = { "isa" = "XCBuildConfiguration"; "name" = "Debug"; "buildSettings" = { "CLANG_ENABLE_MODULES" = "YES"; "CLANG_ENABLE_OBJC_ARC" = "YES"; "SWIFT_VERSION" = "5.0"; "ENABLE_TESTABILITY" = "YES"; "SWIFT_OPTIMIZATION_LEVEL" = "-Onone"; "DEBUG_INFORMATION_FORMAT" = "dwarf"; "SWIFT_ACTIVE_COMPILATION_CONDITIONS" = "DEBUG"; }; }; "38F03FCBDACA10AAD4143C88" = { "isa" = "XCBuildConfiguration"; "name" = "Release"; "buildSettings" = { "CLANG_ENABLE_MODULES" = "YES"; "CLANG_ENABLE_OBJC_ARC" = "YES"; "SWIFT_VERSION" = "5.0"; "ENABLE_TESTABILITY" = "YES"; "SWIFT_OPTIMIZATION_LEVEL" = "-O"; "DEBUG_INFORMATION_FORMAT" = "dwarf-with-dsym"; }; }; "9A306D578D83D1E0821F2E35" = { "isa" = "XCConfigurationList"; "buildConfigurations" = ( "941798AECA264FECE6B7C45D", "38F03FCBDACA10AAD4143C88" ); "defaultConfigurationIsVisible" = "0"; "defaultConfigurationName" = "Release"; }; "98F54143AB4E86B28C3AFEE0" = { "isa" = "PBXProject"; "attributes" = { "LastUpgradeCheck" = "2700"; "BuildIndependentTargetsInParallel" = "YES"; }; "buildConfigurationList" = "9A306D578D83D1E0821F2E35"; "compatibilityVersion" = "Xcode 14.0"; "developmentRegion" = "en"; "knownRegions" = ( "en", "Base" ); "mainGroup" = "B28B7AF69320201D1CF206EB"; "productRefGroup" = "FBDC4F23F93125BBEEAE800C"; "projectDirPath" = ""; "projectRoot" = ""; "targets" = ( "995357D1C0B2B714F6E0D0A2", "0AE82078CD3BB371D46ABEF9", "910254025F87441AA57916A5" ); }; }; "rootObject" = "98F54143AB4E86B28C3AFEE0"; }
